// !$*UTF8*$!
{
	archiveVersion = 1;
	classes = {
	};
	objectVersion = 56;
	objects = {

/* Begin PBXBuildFile section */
		8C71C56729B09F6400125294 /* SnapKit in Frameworks */ = {isa = PBXBuildFile; productRef = 8C71C56629B09F6400125294 /* SnapKit */; };
		8CDA9AD329DAFED3002D2DF9 /* SettingsView.swift in Sources */ = {isa = PBXBuildFile; fileRef = 8CDA9AD229DAFED3002D2DF9 /* SettingsView.swift */; };
		8CDA9AD529DAFF1F002D2DF9 /* SettingsTableViewCell.swift in Sources */ = {isa = PBXBuildFile; fileRef = 8CDA9AD429DAFF1F002D2DF9 /* SettingsTableViewCell.swift */; };
		8CDA9AD729DAFF56002D2DF9 /* SettingsPresenter.swift in Sources */ = {isa = PBXBuildFile; fileRef = 8CDA9AD629DAFF56002D2DF9 /* SettingsPresenter.swift */; };
		8CDA9AD929DAFF89002D2DF9 /* SettingsViewProtocol.swift in Sources */ = {isa = PBXBuildFile; fileRef = 8CDA9AD829DAFF89002D2DF9 /* SettingsViewProtocol.swift */; };
		8CDA9ADB29DAFFB2002D2DF9 /* SettingsPresenterProtocol.swift in Sources */ = {isa = PBXBuildFile; fileRef = 8CDA9ADA29DAFFB2002D2DF9 /* SettingsPresenterProtocol.swift */; };
		8CDA9ADD29DAFFCC002D2DF9 /* Setting.swift in Sources */ = {isa = PBXBuildFile; fileRef = 8CDA9ADC29DAFFCC002D2DF9 /* Setting.swift */; };
		8CDA9ADF29DB00B7002D2DF9 /* SettingsRouter.swift in Sources */ = {isa = PBXBuildFile; fileRef = 8CDA9ADE29DB00B7002D2DF9 /* SettingsRouter.swift */; };
		8CDA9AE129DB0102002D2DF9 /* SettingsInteractor.swift in Sources */ = {isa = PBXBuildFile; fileRef = 8CDA9AE029DB0102002D2DF9 /* SettingsInteractor.swift */; };
		8CDA9AE329DB010F002D2DF9 /* SettingsInteractorProtocol.swift in Sources */ = {isa = PBXBuildFile; fileRef = 8CDA9AE229DB010F002D2DF9 /* SettingsInteractorProtocol.swift */; };
		8CDA9AE529DB0134002D2DF9 /* SettingsRouterProtocol.swift in Sources */ = {isa = PBXBuildFile; fileRef = 8CDA9AE429DB0134002D2DF9 /* SettingsRouterProtocol.swift */; };
		8CF4794A29CAE1410000C6E9 /* SettingsView+Extensions.swift in Sources */ = {isa = PBXBuildFile; fileRef = 8CF4794929CAE1410000C6E9 /* SettingsView+Extensions.swift */; };
		8CF63C9A29B07C0F009A0EEB /* AppDelegate.swift in Sources */ = {isa = PBXBuildFile; fileRef = 8CF63C9929B07C0F009A0EEB /* AppDelegate.swift */; };
		8CF63C9C29B07C0F009A0EEB /* SceneDelegate.swift in Sources */ = {isa = PBXBuildFile; fileRef = 8CF63C9B29B07C0F009A0EEB /* SceneDelegate.swift */; };
		8CF63CA329B07C10009A0EEB /* Assets.xcassets in Resources */ = {isa = PBXBuildFile; fileRef = 8CF63CA229B07C10009A0EEB /* Assets.xcassets */; };
		8CF63CA629B07C10009A0EEB /* LaunchScreen.storyboard in Resources */ = {isa = PBXBuildFile; fileRef = 8CF63CA429B07C10009A0EEB /* LaunchScreen.storyboard */; };
/* End PBXBuildFile section */

/* Begin PBXFileReference section */
		8CDA9AD229DAFED3002D2DF9 /* SettingsView.swift */ = {isa = PBXFileReference; lastKnownFileType = sourcecode.swift; path = SettingsView.swift; sourceTree = "<group>"; };
		8CDA9AD429DAFF1F002D2DF9 /* SettingsTableViewCell.swift */ = {isa = PBXFileReference; lastKnownFileType = sourcecode.swift; path = SettingsTableViewCell.swift; sourceTree = "<group>"; };
		8CDA9AD629DAFF56002D2DF9 /* SettingsPresenter.swift */ = {isa = PBXFileReference; lastKnownFileType = sourcecode.swift; path = SettingsPresenter.swift; sourceTree = "<group>"; };
		8CDA9AD829DAFF89002D2DF9 /* SettingsViewProtocol.swift */ = {isa = PBXFileReference; lastKnownFileType = sourcecode.swift; path = SettingsViewProtocol.swift; sourceTree = "<group>"; };
		8CDA9ADA29DAFFB2002D2DF9 /* SettingsPresenterProtocol.swift */ = {isa = PBXFileReference; lastKnownFileType = sourcecode.swift; path = SettingsPresenterProtocol.swift; sourceTree = "<group>"; };
		8CDA9ADC29DAFFCC002D2DF9 /* Setting.swift */ = {isa = PBXFileReference; lastKnownFileType = sourcecode.swift; path = Setting.swift; sourceTree = "<group>"; };
		8CDA9ADE29DB00B7002D2DF9 /* SettingsRouter.swift */ = {isa = PBXFileReference; lastKnownFileType = sourcecode.swift; path = SettingsRouter.swift; sourceTree = "<group>"; };
		8CDA9AE029DB0102002D2DF9 /* SettingsInteractor.swift */ = {isa = PBXFileReference; lastKnownFileType = sourcecode.swift; path = SettingsInteractor.swift; sourceTree = "<group>"; };
		8CDA9AE229DB010F002D2DF9 /* SettingsInteractorProtocol.swift */ = {isa = PBXFileReference; lastKnownFileType = sourcecode.swift; path = SettingsInteractorProtocol.swift; sourceTree = "<group>"; };
		8CDA9AE429DB0134002D2DF9 /* SettingsRouterProtocol.swift */ = {isa = PBXFileReference; lastKnownFileType = sourcecode.swift; path = SettingsRouterProtocol.swift; sourceTree = "<group>"; };
		8CF4794929CAE1410000C6E9 /* SettingsView+Extensions.swift */ = {isa = PBXFileReference; lastKnownFileType = sourcecode.swift; path = "SettingsView+Extensions.swift"; sourceTree = "<group>"; };
		8CF63C9629B07C0F009A0EEB /* iOS-Settings.app */ = {isa = PBXFileReference; explicitFileType = wrapper.application; includeInIndex = 0; path = "iOS-Settings.app"; sourceTree = BUILT_PRODUCTS_DIR; };
		8CF63C9929B07C0F009A0EEB /* AppDelegate.swift */ = {isa = PBXFileReference; lastKnownFileType = sourcecode.swift; path = AppDelegate.swift; sourceTree = "<group>"; };
		8CF63C9B29B07C0F009A0EEB /* SceneDelegate.swift */ = {isa = PBXFileReference; lastKnownFileType = sourcecode.swift; path = SceneDelegate.swift; sourceTree = "<group>"; };
		8CF63CA229B07C10009A0EEB /* Assets.xcassets */ = {isa = PBXFileReference; lastKnownFileType = folder.assetcatalog; path = Assets.xcassets; sourceTree = "<group>"; };
		8CF63CA529B07C10009A0EEB /* Base */ = {isa = PBXFileReference; lastKnownFileType = file.storyboard; name = Base; path = Base.lproj/LaunchScreen.storyboard; sourceTree = "<group>"; };
		8CF63CA729B07C10009A0EEB /* Info.plist */ = {isa = PBXFileReference; lastKnownFileType = text.plist.xml; path = Info.plist; sourceTree = "<group>"; };
/* End PBXFileReference section */

/* Begin PBXFrameworksBuildPhase section */
		8CF63C9329B07C0F009A0EEB /* Frameworks */ = {
			isa = PBXFrameworksBuildPhase;
			buildActionMask = 2147483647;
			files = (
				8C71C56729B09F6400125294 /* SnapKit in Frameworks */,
			);
			runOnlyForDeploymentPostprocessing = 0;
		};
/* End PBXFrameworksBuildPhase section */

/* Begin PBXGroup section */
		8CDA9ACB29DAFE80002D2DF9 /* Settings */ = {
			isa = PBXGroup;
			children = (
				8CDA9AD129DAFEB2002D2DF9 /* Entity */,
				8CDA9ACF29DAFEA6002D2DF9 /* Interactor */,
				8CDA9AD029DAFEAC002D2DF9 /* Router */,
				8CDA9ACE29DAFE9E002D2DF9 /* Presenter */,
				8CDA9ACD29DAFE95002D2DF9 /* View */,
			);
			path = Settings;
			sourceTree = "<group>";
		};
		8CDA9ACC29DAFE86002D2DF9 /* SettingDetails */ = {
			isa = PBXGroup;
			children = (
			);
			path = SettingDetails;
			sourceTree = "<group>";
		};
		8CDA9ACD29DAFE95002D2DF9 /* View */ = {
			isa = PBXGroup;
			children = (
				8CDA9AD229DAFED3002D2DF9 /* SettingsView.swift */,
				8CDA9AD829DAFF89002D2DF9 /* SettingsViewProtocol.swift */,
				8CDA9AD429DAFF1F002D2DF9 /* SettingsTableViewCell.swift */,
			);
			path = View;
			sourceTree = "<group>";
		};
		8CDA9ACE29DAFE9E002D2DF9 /* Presenter */ = {
			isa = PBXGroup;
			children = (
				8CDA9AD629DAFF56002D2DF9 /* SettingsPresenter.swift */,
				8CDA9ADA29DAFFB2002D2DF9 /* SettingsPresenterProtocol.swift */,
			);
			path = Presenter;
			sourceTree = "<group>";
		};
		8CDA9ACF29DAFEA6002D2DF9 /* Interactor */ = {
			isa = PBXGroup;
			children = (
				8CDA9AE029DB0102002D2DF9 /* SettingsInteractor.swift */,
				8CDA9AE229DB010F002D2DF9 /* SettingsInteractorProtocol.swift */,
			);
			path = Interactor;
			sourceTree = "<group>";
		};
		8CDA9AD029DAFEAC002D2DF9 /* Router */ = {
			isa = PBXGroup;
			children = (
				8CDA9ADE29DB00B7002D2DF9 /* SettingsRouter.swift */,
				8CDA9AE429DB0134002D2DF9 /* SettingsRouterProtocol.swift */,
			);
			path = Router;
			sourceTree = "<group>";
		};
		8CDA9AD129DAFEB2002D2DF9 /* Entity */ = {
			isa = PBXGroup;
			children = (
				8CDA9ADC29DAFFCC002D2DF9 /* Setting.swift */,
			);
			path = Entity;
			sourceTree = "<group>";
		};
		8CF4793F29CAD7750000C6E9 /* Modules */ = {
			isa = PBXGroup;
			children = (
				8CDA9ACB29DAFE80002D2DF9 /* Settings */,
				8CDA9ACC29DAFE86002D2DF9 /* SettingDetails */,
			);
			path = Modules;
			sourceTree = "<group>";
		};
		8CF4794829CAE0A20000C6E9 /* Extensions */ = {
			isa = PBXGroup;
			children = (
				8CF4794929CAE1410000C6E9 /* SettingsView+Extensions.swift */,
			);
			path = Extensions;
			sourceTree = "<group>";
		};
		8CF63C8D29B07C0F009A0EEB = {
			isa = PBXGroup;
			children = (
				8CF63C9829B07C0F009A0EEB /* iOS-Settings */,
				8CF63C9729B07C0F009A0EEB /* Products */,
			);
			sourceTree = "<group>";
		};
		8CF63C9729B07C0F009A0EEB /* Products */ = {
			isa = PBXGroup;
			children = (
				8CF63C9629B07C0F009A0EEB /* iOS-Settings.app */,
			);
			name = Products;
			sourceTree = "<group>";
		};
		8CF63C9829B07C0F009A0EEB /* iOS-Settings */ = {
			isa = PBXGroup;
			children = (
				8CF63CAD29B07C98009A0EEB /* Sources */,
				8CF63CAE29B07CA1009A0EEB /* Resources */,
			);
			path = "iOS-Settings";
			sourceTree = "<group>";
		};
		8CF63CAD29B07C98009A0EEB /* Sources */ = {
			isa = PBXGroup;
			children = (
				8CF63CB029B07CBC009A0EEB /* Storyboards */,
				8CF63CB129B07CC2009A0EEB /* App */,
				8CF4793F29CAD7750000C6E9 /* Modules */,
				8CF4794829CAE0A20000C6E9 /* Extensions */,
			);
			path = Sources;
			sourceTree = "<group>";
		};
		8CF63CAE29B07CA1009A0EEB /* Resources */ = {
			isa = PBXGroup;
			children = (
				8CF63CA229B07C10009A0EEB /* Assets.xcassets */,
				8CF63CAF29B07CA9009A0EEB /* Configuration */,
			);
			path = Resources;
			sourceTree = "<group>";
		};
		8CF63CAF29B07CA9009A0EEB /* Configuration */ = {
			isa = PBXGroup;
			children = (
				8CF63CA729B07C10009A0EEB /* Info.plist */,
			);
			path = Configuration;
			sourceTree = "<group>";
		};
		8CF63CB029B07CBC009A0EEB /* Storyboards */ = {
			isa = PBXGroup;
			children = (
				8CF63CA429B07C10009A0EEB /* LaunchScreen.storyboard */,
			);
			path = Storyboards;
			sourceTree = "<group>";
		};
		8CF63CB129B07CC2009A0EEB /* App */ = {
			isa = PBXGroup;
			children = (
				8CF63C9929B07C0F009A0EEB /* AppDelegate.swift */,
				8CF63C9B29B07C0F009A0EEB /* SceneDelegate.swift */,
			);
			path = App;
			sourceTree = "<group>";
		};
/* End PBXGroup section */

/* Begin PBXNativeTarget section */
		8CF63C9529B07C0F009A0EEB /* iOS-Settings */ = {
			isa = PBXNativeTarget;
			buildConfigurationList = 8CF63CAA29B07C10009A0EEB /* Build configuration list for PBXNativeTarget "iOS-Settings" */;
			buildPhases = (
				8CF63C9229B07C0F009A0EEB /* Sources */,
				8CF63C9329B07C0F009A0EEB /* Frameworks */,
				8CF63C9429B07C0F009A0EEB /* Resources */,
			);
			buildRules = (
			);
			dependencies = (
			);
			name = "iOS-Settings";
			packageProductDependencies = (
				8C71C56629B09F6400125294 /* SnapKit */,
			);
			productName = "iOS-Settings";
			productReference = 8CF63C9629B07C0F009A0EEB /* iOS-Settings.app */;
			productType = "com.apple.product-type.application";
		};
/* End PBXNativeTarget section */

/* Begin PBXProject section */
		8CF63C8E29B07C0F009A0EEB /* Project object */ = {
			isa = PBXProject;
			attributes = {
				BuildIndependentTargetsInParallel = 1;
				LastSwiftUpdateCheck = 1410;
				LastUpgradeCheck = 1410;
				TargetAttributes = {
					8CF63C9529B07C0F009A0EEB = {
						CreatedOnToolsVersion = 14.1;
					};
				};
			};
			buildConfigurationList = 8CF63C9129B07C0F009A0EEB /* Build configuration list for PBXProject "iOS-Settings" */;
			compatibilityVersion = "Xcode 14.0";
			developmentRegion = en;
			hasScannedForEncodings = 0;
			knownRegions = (
				en,
				Base,
			);
			mainGroup = 8CF63C8D29B07C0F009A0EEB;
			packageReferences = (
				8C71C56529B09F6400125294 /* XCRemoteSwiftPackageReference "SnapKit" */,
			);
			productRefGroup = 8CF63C9729B07C0F009A0EEB /* Products */;
			projectDirPath = "";
			projectRoot = "";
			targets = (
				8CF63C9529B07C0F009A0EEB /* iOS-Settings */,
			);
		};
/* End PBXProject section */

/* Begin PBXResourcesBuildPhase section */
		8CF63C9429B07C0F009A0EEB /* Resources */ = {
			isa = PBXResourcesBuildPhase;
			buildActionMask = 2147483647;
			files = (
				8CF63CA629B07C10009A0EEB /* LaunchScreen.storyboard in Resources */,
				8CF63CA329B07C10009A0EEB /* Assets.xcassets in Resources */,
			);
			runOnlyForDeploymentPostprocessing = 0;
		};
/* End PBXResourcesBuildPhase section */

/* Begin PBXSourcesBuildPhase section */
		8CF63C9229B07C0F009A0EEB /* Sources */ = {
			isa = PBXSourcesBuildPhase;
			buildActionMask = 2147483647;
			files = (
				8CDA9AE529DB0134002D2DF9 /* SettingsRouterProtocol.swift in Sources */,
				8CDA9AD329DAFED3002D2DF9 /* SettingsView.swift in Sources */,
				8CF63C9A29B07C0F009A0EEB /* AppDelegate.swift in Sources */,
				8CF4794A29CAE1410000C6E9 /* SettingsView+Extensions.swift in Sources */,
				8CF63C9C29B07C0F009A0EEB /* SceneDelegate.swift in Sources */,
				8CDA9AD529DAFF1F002D2DF9 /* SettingsTableViewCell.swift in Sources */,
				8CDA9AE129DB0102002D2DF9 /* SettingsInteractor.swift in Sources */,
				8CDA9ADB29DAFFB2002D2DF9 /* SettingsPresenterProtocol.swift in Sources */,
				8CDA9AD729DAFF56002D2DF9 /* SettingsPresenter.swift in Sources */,
				8CDA9AD929DAFF89002D2DF9 /* SettingsViewProtocol.swift in Sources */,
				8CDA9ADD29DAFFCC002D2DF9 /* Setting.swift in Sources */,
				8CDA9AE329DB010F002D2DF9 /* SettingsInteractorProtocol.swift in Sources */,
				8CDA9ADF29DB00B7002D2DF9 /* SettingsRouter.swift in Sources */,
			);
			runOnlyForDeploymentPostprocessing = 0;
		};
/* End PBXSourcesBuildPhase section */

/* Begin PBXVariantGroup section */
		8CF63CA429B07C10009A0EEB /* LaunchScreen.storyboard */ = {
			isa = PBXVariantGroup;
			children = (
				8CF63CA529B07C10009A0EEB /* Base */,
			);
			name = LaunchScreen.storyboard;
			sourceTree = "<group>";
		};
/* End PBXVariantGroup section */

/* Begin XCBuildConfiguration section */
		8CF63CA829B07C10009A0EEB /* Debug */ = {
			isa = XCBuildConfiguration;
			buildSettings = {
				ALWAYS_SEARCH_USER_PATHS = NO;
				CLANG_ANALYZER_NONNULL = YES;
				CLANG_ANALYZER_NUMBER_OBJECT_CONVERSION = YES_AGGRESSIVE;
				CLANG_CXX_LANGUAGE_STANDARD = "gnu++20";
				CLANG_ENABLE_MODULES = YES;
				CLANG_ENABLE_OBJC_ARC = YES;
				CLANG_ENABLE_OBJC_WEAK = YES;
				CLANG_WARN_BLOCK_CAPTURE_AUTORELEASING = YES;
				CLANG_WARN_BOOL_CONVERSION = YES;
				CLANG_WARN_COMMA = YES;
				CLANG_WARN_CONSTANT_CONVERSION = YES;
				CLANG_WARN_DEPRECATED_OBJC_IMPLEMENTATIONS = YES;
				CLANG_WARN_DIRECT_OBJC_ISA_USAGE = YES_ERROR;
				CLANG_WARN_DOCUMENTATION_COMMENTS = YES;
				CLANG_WARN_EMPTY_BODY = YES;
				CLANG_WARN_ENUM_CONVERSION = YES;
				CLANG_WARN_INFINITE_RECURSION = YES;
				CLANG_WARN_INT_CONVERSION = YES;
				CLANG_WARN_NON_LITERAL_NULL_CONVERSION = YES;
				CLANG_WARN_OBJC_IMPLICIT_RETAIN_SELF = YES;
				CLANG_WARN_OBJC_LITERAL_CONVERSION = YES;
				CLANG_WARN_OBJC_ROOT_CLASS = YES_ERROR;
				CLANG_WARN_QUOTED_INCLUDE_IN_FRAMEWORK_HEADER = YES;
				CLANG_WARN_RANGE_LOOP_ANALYSIS = YES;
				CLANG_WARN_STRICT_PROTOTYPES = YES;
				CLANG_WARN_SUSPICIOUS_MOVE = YES;
				CLANG_WARN_UNGUARDED_AVAILABILITY = YES_AGGRESSIVE;
				CLANG_WARN_UNREACHABLE_CODE = YES;
				CLANG_WARN__DUPLICATE_METHOD_MATCH = YES;
				COPY_PHASE_STRIP = NO;
				DEBUG_INFORMATION_FORMAT = dwarf;
				ENABLE_STRICT_OBJC_MSGSEND = YES;
				ENABLE_TESTABILITY = YES;
				GCC_C_LANGUAGE_STANDARD = gnu11;
				GCC_DYNAMIC_NO_PIC = NO;
				GCC_NO_COMMON_BLOCKS = YES;
				GCC_OPTIMIZATION_LEVEL = 0;
				GCC_PREPROCESSOR_DEFINITIONS = (
					"DEBUG=1",
					"$(inherited)",
				);
				GCC_WARN_64_TO_32_BIT_CONVERSION = YES;
				GCC_WARN_ABOUT_RETURN_TYPE = YES_ERROR;
				GCC_WARN_UNDECLARED_SELECTOR = YES;
				GCC_WARN_UNINITIALIZED_AUTOS = YES_AGGRESSIVE;
				GCC_WARN_UNUSED_FUNCTION = YES;
				GCC_WARN_UNUSED_VARIABLE = YES;
				IPHONEOS_DEPLOYMENT_TARGET = 16.1;
				MTL_ENABLE_DEBUG_INFO = INCLUDE_SOURCE;
				MTL_FAST_MATH = YES;
				ONLY_ACTIVE_ARCH = YES;
				SDKROOT = iphoneos;
				SWIFT_ACTIVE_COMPILATION_CONDITIONS = DEBUG;
				SWIFT_OPTIMIZATION_LEVEL = "-Onone";
			};
			name = Debug;
		};
		8CF63CA929B07C10009A0EEB /* Release */ = {
			isa = XCBuildConfiguration;
			buildSettings = {
				ALWAYS_SEARCH_USER_PATHS = NO;
				CLANG_ANALYZER_NONNULL = YES;
				CLANG_ANALYZER_NUMBER_OBJECT_CONVERSION = YES_AGGRESSIVE;
				CLANG_CXX_LANGUAGE_STANDARD = "gnu++20";
				CLANG_ENABLE_MODULES = YES;
				CLANG_ENABLE_OBJC_ARC = YES;
				CLANG_ENABLE_OBJC_WEAK = YES;
				CLANG_WARN_BLOCK_CAPTURE_AUTORELEASING = YES;
				CLANG_WARN_BOOL_CONVERSION = YES;
				CLANG_WARN_COMMA = YES;
				CLANG_WARN_CONSTANT_CONVERSION = YES;
				CLANG_WARN_DEPRECATED_OBJC_IMPLEMENTATIONS = YES;
				CLANG_WARN_DIRECT_OBJC_ISA_USAGE = YES_ERROR;
				CLANG_WARN_DOCUMENTATION_COMMENTS = YES;
				CLANG_WARN_EMPTY_BODY = YES;
				CLANG_WARN_ENUM_CONVERSION = YES;
				CLANG_WARN_INFINITE_RECURSION = YES;
				CLANG_WARN_INT_CONVERSION = YES;
				CLANG_WARN_NON_LITERAL_NULL_CONVERSION = YES;
				CLANG_WARN_OBJC_IMPLICIT_RETAIN_SELF = YES;
				CLANG_WARN_OBJC_LITERAL_CONVERSION = YES;
				CLANG_WARN_OBJC_ROOT_CLASS = YES_ERROR;
				CLANG_WARN_QUOTED_INCLUDE_IN_FRAMEWORK_HEADER = YES;
				CLANG_WARN_RANGE_LOOP_ANALYSIS = YES;
				CLANG_WARN_STRICT_PROTOTYPES = YES;
				CLANG_WARN_SUSPICIOUS_MOVE = YES;
				CLANG_WARN_UNGUARDED_AVAILABILITY = YES_AGGRESSIVE;
				CLANG_WARN_UNREACHABLE_CODE = YES;
				CLANG_WARN__DUPLICATE_METHOD_MATCH = YES;
				COPY_PHASE_STRIP = NO;
				DEBUG_INFORMATION_FORMAT = "dwarf-with-dsym";
				ENABLE_NS_ASSERTIONS = NO;
				ENABLE_STRICT_OBJC_MSGSEND = YES;
				GCC_C_LANGUAGE_STANDARD = gnu11;
				GCC_NO_COMMON_BLOCKS = YES;
				GCC_WARN_64_TO_32_BIT_CONVERSION = YES;
				GCC_WARN_ABOUT_RETURN_TYPE = YES_ERROR;
				GCC_WARN_UNDECLARED_SELECTOR = YES;
				GCC_WARN_UNINITIALIZED_AUTOS = YES_AGGRESSIVE;
				GCC_WARN_UNUSED_FUNCTION = YES;
				GCC_WARN_UNUSED_VARIABLE = YES;
				IPHONEOS_DEPLOYMENT_TARGET = 16.1;
				MTL_ENABLE_DEBUG_INFO = NO;
				MTL_FAST_MATH = YES;
				SDKROOT = iphoneos;
				SWIFT_COMPILATION_MODE = wholemodule;
				SWIFT_OPTIMIZATION_LEVEL = "-O";
				VALIDATE_PRODUCT = YES;
			};
			name = Release;
		};
		8CF63CAB29B07C10009A0EEB /* Debug */ = {
			isa = XCBuildConfiguration;
			buildSettings = {
				ASSETCATALOG_COMPILER_APPICON_NAME = AppIcon;
				ASSETCATALOG_COMPILER_GLOBAL_ACCENT_COLOR_NAME = AccentColor;
				CODE_SIGN_STYLE = Automatic;
				CURRENT_PROJECT_VERSION = 1;
				DEVELOPMENT_TEAM = ST9BJ59MKD;
				GENERATE_INFOPLIST_FILE = YES;
				INFOPLIST_FILE = "iOS-Settings/Resources/Configuration/Info.plist";
				INFOPLIST_KEY_UIApplicationSupportsIndirectInputEvents = YES;
				INFOPLIST_KEY_UILaunchStoryboardName = LaunchScreen;
				INFOPLIST_KEY_UISupportedInterfaceOrientations_iPad = "UIInterfaceOrientationPortrait UIInterfaceOrientationPortraitUpsideDown UIInterfaceOrientationLandscapeLeft UIInterfaceOrientationLandscapeRight";
				INFOPLIST_KEY_UISupportedInterfaceOrientations_iPhone = "UIInterfaceOrientationPortrait UIInterfaceOrientationLandscapeLeft UIInterfaceOrientationLandscapeRight";
				LD_RUNPATH_SEARCH_PATHS = (
					"$(inherited)",
					"@executable_path/Frameworks",
				);
				MARKETING_VERSION = 1.0;
				PRODUCT_BUNDLE_IDENTIFIER = "kz.iOS-Settings";
				PRODUCT_NAME = "$(TARGET_NAME)";
				SWIFT_EMIT_LOC_STRINGS = YES;
				SWIFT_VERSION = 5.0;
				TARGETED_DEVICE_FAMILY = "1,2";
			};
			name = Debug;
		};
		8CF63CAC29B07C10009A0EEB /* Release */ = {
			isa = XCBuildConfiguration;
			buildSettings = {
				ASSETCATALOG_COMPILER_APPICON_NAME = AppIcon;
				ASSETCATALOG_COMPILER_GLOBAL_ACCENT_COLOR_NAME = AccentColor;
				CODE_SIGN_STYLE = Automatic;
				CURRENT_PROJECT_VERSION = 1;
				DEVELOPMENT_TEAM = ST9BJ59MKD;
				GENERATE_INFOPLIST_FILE = YES;
				INFOPLIST_FILE = "iOS-Settings/Resources/Configuration/Info.plist";
				INFOPLIST_KEY_UIApplicationSupportsIndirectInputEvents = YES;
				INFOPLIST_KEY_UILaunchStoryboardName = LaunchScreen;
				INFOPLIST_KEY_UISupportedInterfaceOrientations_iPad = "UIInterfaceOrientationPortrait UIInterfaceOrientationPortraitUpsideDown UIInterfaceOrientationLandscapeLeft UIInterfaceOrientationLandscapeRight";
				INFOPLIST_KEY_UISupportedInterfaceOrientations_iPhone = "UIInterfaceOrientationPortrait UIInterfaceOrientationLandscapeLeft UIInterfaceOrientationLandscapeRight";
				LD_RUNPATH_SEARCH_PATHS = (
					"$(inherited)",
					"@executable_path/Frameworks",
				);
				MARKETING_VERSION = 1.0;
				PRODUCT_BUNDLE_IDENTIFIER = "kz.iOS-Settings";
				PRODUCT_NAME = "$(TARGET_NAME)";
				SWIFT_EMIT_LOC_STRINGS = YES;
				SWIFT_VERSION = 5.0;
				TARGETED_DEVICE_FAMILY = "1,2";
			};
			name = Release;
		};
/* End XCBuildConfiguration section */

/* Begin XCConfigurationList section */
		8CF63C9129B07C0F009A0EEB /* Build configuration list for PBXProject "iOS-Settings" */ = {
			isa = XCConfigurationList;
			buildConfigurations = (
				8CF63CA829B07C10009A0EEB /* Debug */,
				8CF63CA929B07C10009A0EEB /* Release */,
			);
			defaultConfigurationIsVisible = 0;
			defaultConfigurationName = Release;
		};
		8CF63CAA29B07C10009A0EEB /* Build configuration list for PBXNativeTarget "iOS-Settings" */ = {
			isa = XCConfigurationList;
			buildConfigurations = (
				8CF63CAB29B07C10009A0EEB /* Debug */,
				8CF63CAC29B07C10009A0EEB /* Release */,
			);
			defaultConfigurationIsVisible = 0;
			defaultConfigurationName = Release;
		};
/* End XCConfigurationList section */

/* Begin XCRemoteSwiftPackageReference section */
		8C71C56529B09F6400125294 /* XCRemoteSwiftPackageReference "SnapKit" */ = {
			isa = XCRemoteSwiftPackageReference;
			repositoryURL = "https://github.com/SnapKit/SnapKit.git";
			requirement = {
				branch = develop;
				kind = branch;
			};
		};
/* End XCRemoteSwiftPackageReference section */

/* Begin XCSwiftPackageProductDependency section */
		8C71C56629B09F6400125294 /* SnapKit */ = {
			isa = XCSwiftPackageProductDependency;
			package = 8C71C56529B09F6400125294 /* XCRemoteSwiftPackageReference "SnapKit" */;
			productName = SnapKit;
		};
/* End XCSwiftPackageProductDependency section */
	};
	rootObject = 8CF63C8E29B07C0F009A0EEB /* Project object */;
}
